
Microsoft Visual Studio Solution File, Format Version 12.00
# Visual Studio Version 17
VisualStudioVersion = 17.1.32328.378
MinimumVisualStudioVersion = 10.0.40219.1
Project("{888888A0-9F3D-457C-B088-3A5042F75D52}") = "Tom Holland Drawing", "Tom Holland Drawing.pyproj", "{285C0585-C48B-4F30-A971-B13E3C520006}"
EndProject
Global
	GlobalSection(SolutionConfigurationPlatforms) = preSolution
		Debug|Any CPU = Debug|Any CPU
		Release|Any CPU = Release|Any CPU
	EndGlobalSection
	GlobalSection(ProjectConfigurationPlatforms) = postSolution
		{285C0585-C48B-4F30-A971-B13E3C520006}.Debug|Any CPU.ActiveCfg = Debug|Any CPU
		{285C0585-C48B-4F30-A971-B13E3C520006}.Release|Any CPU.ActiveCfg = Release|Any CPU
	EndGlobalSection
	GlobalSection(SolutionProperties) = preSolution
		HideSolutionNode = FALSE
	EndGlobalSection
	GlobalSection(ExtensibilityGlobals) = postSolution
		SolutionGuid = {1E8BAD38-4946-4E0D-9EE9-191A75BBE585}
	EndGlobalSection
EndGlobal
